{
  "name": "fletcher",
  "lockfileVersion": 3,
  "requires": true,
  "packages": {
    "": {
      "devDependencies": {
        "@viz-js/viz": "^3.14.0",
        "htmx.org": "^2.0.6"
      }
    },
    "node_modules/@viz-js/viz": {
      "version": "3.14.0",
      "resolved": "https://registry.npmjs.org/@viz-js/viz/-/viz-3.14.0.tgz",
      "integrity": "sha512-bL+ZNMdT8egeQD2JvODQVfTpnBtuCXA6mvFL1S5d/JBc8qGVWIadRT+1Qin9oUQTJwB0irxE6V1XUkrR9L1Neg==",
      "dev": true,
      "license": "MIT"
    },
    "node_modules/htmx.org": {
      "version": "2.0.6",
      "resolved": "https://registry.npmjs.org/htmx.org/-/htmx.org-2.0.6.tgz",
      "integrity": "sha512-7ythjYneGSk3yCHgtCnQeaoF+D+o7U2LF37WU3O0JYv3gTZSicdEFiI/Ai/NJyC5ZpYJWMpUb11OC5Lr6AfAqA==",
      "dev": true,
      "license": "0BSD"
    }
  }
}
